
Microsoft Visual Studio Solution File, Format Version 12.00
# Visual Studio Version 17
VisualStudioVersion = 17.0.31903.59
MinimumVisualStudioVersion = 10.0.40219.1
Project("{FAE04EC0-301F-11D3-BF4B-00C04F79EFBC}") = "Kadense.RPG.Tests", "test\Kadense.RPG.Tests.csproj", "{43A1A98D-B8F7-46FF-B2A8-C6B3680413C0}"
EndProject
Project("{FAE04EC0-301F-11D3-BF4B-00C04F79EFBC}") = "website", "website\website.csproj", "{72DDEA31-9308-490D-9B3E-2D9C58A7F517}"
EndProject
Project("{2150E333-8FDC-42A3-9474-1A3956D46DE8}") = "templates", "templates", "{A6817696-5E97-41B4-A3E5-C57FFD3E6F92}"
EndProject
Project("{2150E333-8FDC-42A3-9474-1A3956D46DE8}") = "library", "library", "{95906206-813D-41D6-9379-5DF9AF1E9EC7}"
EndProject
Project("{FAE04EC0-301F-11D3-BF4B-00C04F79EFBC}") = "Kadense.RPG.Templates.Library", "templates\library\src\Kadense.RPG.Templates.Library.csproj", "{5CCF5AC7-0770-444B-A520-96E2350CD54D}"
EndProject
Project("{FAE04EC0-301F-11D3-BF4B-00C04F79EFBC}") = "Kadense.RPG.Templates.Library.Tests", "templates\library\test\Kadense.RPG.Templates.Library.Tests.csproj", "{0531924F-2204-4872-938A-9A2CA4A8C99F}"
EndProject
Project("{2150E333-8FDC-42A3-9474-1A3956D46DE8}") = "components", "components", "{459B9551-862B-4CD0-AEB2-5FCFF951C80F}"
EndProject
Project("{2150E333-8FDC-42A3-9474-1A3956D46DE8}") = "Models", "Models", "{EB3D637E-10A2-424F-8F24-D7BA80DEC4E7}"
EndProject
Project("{FAE04EC0-301F-11D3-BF4B-00C04F79EFBC}") = "Kadense.RPG.Models", "components\Models\src\Kadense.RPG.Models.csproj", "{E0CA87F6-FD5A-4EDB-B907-DE6EC3BD4EFE}"
EndProject
Project("{FAE04EC0-301F-11D3-BF4B-00C04F79EFBC}") = "Kadense.RPG.Models.Tests", "components\Models\test\Kadense.RPG.Models.Tests.csproj", "{20C4042E-68BD-4B9B-9866-97A2A5E64855}"
EndProject
Project("{2150E333-8FDC-42A3-9474-1A3956D46DE8}") = "DataAccess", "DataAccess", "{C824DC48-C1E9-4956-9338-74E1A3AE576C}"
EndProject
Project("{FAE04EC0-301F-11D3-BF4B-00C04F79EFBC}") = "Kadense.RPG.DataAccess", "components\DataAccess\src\Kadense.RPG.DataAccess.csproj", "{9A148A21-CDD6-4897-8956-E1237939962C}"
EndProject
Project("{FAE04EC0-301F-11D3-BF4B-00C04F79EFBC}") = "Kadense.RPG.DataAccess.Tests", "components\DataAccess\test\Kadense.RPG.DataAccess.Tests.csproj", "{E3EBFBE7-2881-42BB-A384-1EE786FC310D}"
EndProject
Project("{FAE04EC0-301F-11D3-BF4B-00C04F79EFBC}") = "Kadense.RPG", "functions\Kadense.RPG.csproj", "{CB94A538-7279-4740-AFC0-BC869B7E64DB}"
EndProject
Global
	GlobalSection(SolutionProperties) = preSolution
		HideSolutionNode = FALSE
	EndGlobalSection
	GlobalSection(SolutionConfigurationPlatforms) = preSolution
		Debug|Any CPU = Debug|Any CPU
		Debug|x64 = Debug|x64
		Debug|x86 = Debug|x86
		Release|Any CPU = Release|Any CPU
		Release|x64 = Release|x64
		Release|x86 = Release|x86
	EndGlobalSection
	GlobalSection(ProjectConfigurationPlatforms) = postSolution
		{43A1A98D-B8F7-46FF-B2A8-C6B3680413C0}.Debug|Any CPU.ActiveCfg = Debug|Any CPU
		{43A1A98D-B8F7-46FF-B2A8-C6B3680413C0}.Debug|Any CPU.Build.0 = Debug|Any CPU
		{43A1A98D-B8F7-46FF-B2A8-C6B3680413C0}.Debug|x64.ActiveCfg = Debug|Any CPU
		{43A1A98D-B8F7-46FF-B2A8-C6B3680413C0}.Debug|x64.Build.0 = Debug|Any CPU
		{43A1A98D-B8F7-46FF-B2A8-C6B3680413C0}.Debug|x86.ActiveCfg = Debug|Any CPU
		{43A1A98D-B8F7-46FF-B2A8-C6B3680413C0}.Debug|x86.Build.0 = Debug|Any CPU
		{43A1A98D-B8F7-46FF-B2A8-C6B3680413C0}.Release|Any CPU.ActiveCfg = Release|Any CPU
		{43A1A98D-B8F7-46FF-B2A8-C6B3680413C0}.Release|Any CPU.Build.0 = Release|Any CPU
		{43A1A98D-B8F7-46FF-B2A8-C6B3680413C0}.Release|x64.ActiveCfg = Release|Any CPU
		{43A1A98D-B8F7-46FF-B2A8-C6B3680413C0}.Release|x64.Build.0 = Release|Any CPU
		{43A1A98D-B8F7-46FF-B2A8-C6B3680413C0}.Release|x86.ActiveCfg = Release|Any CPU
		{43A1A98D-B8F7-46FF-B2A8-C6B3680413C0}.Release|x86.Build.0 = Release|Any CPU
		{72DDEA31-9308-490D-9B3E-2D9C58A7F517}.Debug|Any CPU.ActiveCfg = Debug|Any CPU
		{72DDEA31-9308-490D-9B3E-2D9C58A7F517}.Debug|Any CPU.Build.0 = Debug|Any CPU
		{72DDEA31-9308-490D-9B3E-2D9C58A7F517}.Debug|x64.ActiveCfg = Debug|Any CPU
		{72DDEA31-9308-490D-9B3E-2D9C58A7F517}.Debug|x64.Build.0 = Debug|Any CPU
		{72DDEA31-9308-490D-9B3E-2D9C58A7F517}.Debug|x86.ActiveCfg = Debug|Any CPU
		{72DDEA31-9308-490D-9B3E-2D9C58A7F517}.Debug|x86.Build.0 = Debug|Any CPU
		{72DDEA31-9308-490D-9B3E-2D9C58A7F517}.Release|Any CPU.ActiveCfg = Release|Any CPU
		{72DDEA31-9308-490D-9B3E-2D9C58A7F517}.Release|Any CPU.Build.0 = Release|Any CPU
		{72DDEA31-9308-490D-9B3E-2D9C58A7F517}.Release|x64.ActiveCfg = Release|Any CPU
		{72DDEA31-9308-490D-9B3E-2D9C58A7F517}.Release|x64.Build.0 = Release|Any CPU
		{72DDEA31-9308-490D-9B3E-2D9C58A7F517}.Release|x86.ActiveCfg = Release|Any CPU
		{72DDEA31-9308-490D-9B3E-2D9C58A7F517}.Release|x86.Build.0 = Release|Any CPU
		{5CCF5AC7-0770-444B-A520-96E2350CD54D}.Debug|Any CPU.ActiveCfg = Debug|Any CPU
		{5CCF5AC7-0770-444B-A520-96E2350CD54D}.Debug|Any CPU.Build.0 = Debug|Any CPU
		{5CCF5AC7-0770-444B-A520-96E2350CD54D}.Debug|x64.ActiveCfg = Debug|Any CPU
		{5CCF5AC7-0770-444B-A520-96E2350CD54D}.Debug|x64.Build.0 = Debug|Any CPU
		{5CCF5AC7-0770-444B-A520-96E2350CD54D}.Debug|x86.ActiveCfg = Debug|Any CPU
		{5CCF5AC7-0770-444B-A520-96E2350CD54D}.Debug|x86.Build.0 = Debug|Any CPU
		{5CCF5AC7-0770-444B-A520-96E2350CD54D}.Release|Any CPU.ActiveCfg = Release|Any CPU
		{5CCF5AC7-0770-444B-A520-96E2350CD54D}.Release|Any CPU.Build.0 = Release|Any CPU
		{5CCF5AC7-0770-444B-A520-96E2350CD54D}.Release|x64.ActiveCfg = Release|Any CPU
		{5CCF5AC7-0770-444B-A520-96E2350CD54D}.Release|x64.Build.0 = Release|Any CPU
		{5CCF5AC7-0770-444B-A520-96E2350CD54D}.Release|x86.ActiveCfg = Release|Any CPU
		{5CCF5AC7-0770-444B-A520-96E2350CD54D}.Release|x86.Build.0 = Release|Any CPU
		{0531924F-2204-4872-938A-9A2CA4A8C99F}.Debug|Any CPU.ActiveCfg = Debug|Any CPU
		{0531924F-2204-4872-938A-9A2CA4A8C99F}.Debug|Any CPU.Build.0 = Debug|Any CPU
		{0531924F-2204-4872-938A-9A2CA4A8C99F}.Debug|x64.ActiveCfg = Debug|Any CPU
		{0531924F-2204-4872-938A-9A2CA4A8C99F}.Debug|x64.Build.0 = Debug|Any CPU
		{0531924F-2204-4872-938A-9A2CA4A8C99F}.Debug|x86.ActiveCfg = Debug|Any CPU
		{0531924F-2204-4872-938A-9A2CA4A8C99F}.Debug|x86.Build.0 = Debug|Any CPU
		{0531924F-2204-4872-938A-9A2CA4A8C99F}.Release|Any CPU.ActiveCfg = Release|Any CPU
		{0531924F-2204-4872-938A-9A2CA4A8C99F}.Release|Any CPU.Build.0 = Release|Any CPU
		{0531924F-2204-4872-938A-9A2CA4A8C99F}.Release|x64.ActiveCfg = Release|Any CPU
		{0531924F-2204-4872-938A-9A2CA4A8C99F}.Release|x64.Build.0 = Release|Any CPU
		{0531924F-2204-4872-938A-9A2CA4A8C99F}.Release|x86.ActiveCfg = Release|Any CPU
		{0531924F-2204-4872-938A-9A2CA4A8C99F}.Release|x86.Build.0 = Release|Any CPU
		{E0CA87F6-FD5A-4EDB-B907-DE6EC3BD4EFE}.Debug|Any CPU.ActiveCfg = Debug|Any CPU
		{E0CA87F6-FD5A-4EDB-B907-DE6EC3BD4EFE}.Debug|Any CPU.Build.0 = Debug|Any CPU
		{E0CA87F6-FD5A-4EDB-B907-DE6EC3BD4EFE}.Debug|x64.ActiveCfg = Debug|Any CPU
		{E0CA87F6-FD5A-4EDB-B907-DE6EC3BD4EFE}.Debug|x64.Build.0 = Debug|Any CPU
		{E0CA87F6-FD5A-4EDB-B907-DE6EC3BD4EFE}.Debug|x86.ActiveCfg = Debug|Any CPU
		{E0CA87F6-FD5A-4EDB-B907-DE6EC3BD4EFE}.Debug|x86.Build.0 = Debug|Any CPU
		{E0CA87F6-FD5A-4EDB-B907-DE6EC3BD4EFE}.Release|Any CPU.ActiveCfg = Release|Any CPU
		{E0CA87F6-FD5A-4EDB-B907-DE6EC3BD4EFE}.Release|Any CPU.Build.0 = Release|Any CPU
		{E0CA87F6-FD5A-4EDB-B907-DE6EC3BD4EFE}.Release|x64.ActiveCfg = Release|Any CPU
		{E0CA87F6-FD5A-4EDB-B907-DE6EC3BD4EFE}.Release|x64.Build.0 = Release|Any CPU
		{E0CA87F6-FD5A-4EDB-B907-DE6EC3BD4EFE}.Release|x86.ActiveCfg = Release|Any CPU
		{E0CA87F6-FD5A-4EDB-B907-DE6EC3BD4EFE}.Release|x86.Build.0 = Release|Any CPU
		{20C4042E-68BD-4B9B-9866-97A2A5E64855}.Debug|Any CPU.ActiveCfg = Debug|Any CPU
		{20C4042E-68BD-4B9B-9866-97A2A5E64855}.Debug|Any CPU.Build.0 = Debug|Any CPU
		{20C4042E-68BD-4B9B-9866-97A2A5E64855}.Debug|x64.ActiveCfg = Debug|Any CPU
		{20C4042E-68BD-4B9B-9866-97A2A5E64855}.Debug|x64.Build.0 = Debug|Any CPU
		{20C4042E-68BD-4B9B-9866-97A2A5E64855}.Debug|x86.ActiveCfg = Debug|Any CPU
		{20C4042E-68BD-4B9B-9866-97A2A5E64855}.Debug|x86.Build.0 = Debug|Any CPU
		{20C4042E-68BD-4B9B-9866-97A2A5E64855}.Release|Any CPU.ActiveCfg = Release|Any CPU
		{20C4042E-68BD-4B9B-9866-97A2A5E64855}.Release|Any CPU.Build.0 = Release|Any CPU
		{20C4042E-68BD-4B9B-9866-97A2A5E64855}.Release|x64.ActiveCfg = Release|Any CPU
		{20C4042E-68BD-4B9B-9866-97A2A5E64855}.Release|x64.Build.0 = Release|Any CPU
		{20C4042E-68BD-4B9B-9866-97A2A5E64855}.Release|x86.ActiveCfg = Release|Any CPU
		{20C4042E-68BD-4B9B-9866-97A2A5E64855}.Release|x86.Build.0 = Release|Any CPU
		{9A148A21-CDD6-4897-8956-E1237939962C}.Debug|Any CPU.ActiveCfg = Debug|Any CPU
		{9A148A21-CDD6-4897-8956-E1237939962C}.Debug|Any CPU.Build.0 = Debug|Any CPU
		{9A148A21-CDD6-4897-8956-E1237939962C}.Debug|x64.ActiveCfg = Debug|Any CPU
		{9A148A21-CDD6-4897-8956-E1237939962C}.Debug|x64.Build.0 = Debug|Any CPU
		{9A148A21-CDD6-4897-8956-E1237939962C}.Debug|x86.ActiveCfg = Debug|Any CPU
		{9A148A21-CDD6-4897-8956-E1237939962C}.Debug|x86.Build.0 = Debug|Any CPU
		{9A148A21-CDD6-4897-8956-E1237939962C}.Release|Any CPU.ActiveCfg = Release|Any CPU
		{9A148A21-CDD6-4897-8956-E1237939962C}.Release|Any CPU.Build.0 = Release|Any CPU
		{9A148A21-CDD6-4897-8956-E1237939962C}.Release|x64.ActiveCfg = Release|Any CPU
		{9A148A21-CDD6-4897-8956-E1237939962C}.Release|x64.Build.0 = Release|Any CPU
		{9A148A21-CDD6-4897-8956-E1237939962C}.Release|x86.ActiveCfg = Release|Any CPU
		{9A148A21-CDD6-4897-8956-E1237939962C}.Release|x86.Build.0 = Release|Any CPU
		{E3EBFBE7-2881-42BB-A384-1EE786FC310D}.Debug|Any CPU.ActiveCfg = Debug|Any CPU
		{E3EBFBE7-2881-42BB-A384-1EE786FC310D}.Debug|Any CPU.Build.0 = Debug|Any CPU
		{E3EBFBE7-2881-42BB-A384-1EE786FC310D}.Debug|x64.ActiveCfg = Debug|Any CPU
		{E3EBFBE7-2881-42BB-A384-1EE786FC310D}.Debug|x64.Build.0 = Debug|Any CPU
		{E3EBFBE7-2881-42BB-A384-1EE786FC310D}.Debug|x86.ActiveCfg = Debug|Any CPU
		{E3EBFBE7-2881-42BB-A384-1EE786FC310D}.Debug|x86.Build.0 = Debug|Any CPU
		{E3EBFBE7-2881-42BB-A384-1EE786FC310D}.Release|Any CPU.ActiveCfg = Release|Any CPU
		{E3EBFBE7-2881-42BB-A384-1EE786FC310D}.Release|Any CPU.Build.0 = Release|Any CPU
		{E3EBFBE7-2881-42BB-A384-1EE786FC310D}.Release|x64.ActiveCfg = Release|Any CPU
		{E3EBFBE7-2881-42BB-A384-1EE786FC310D}.Release|x64.Build.0 = Release|Any CPU
		{E3EBFBE7-2881-42BB-A384-1EE786FC310D}.Release|x86.ActiveCfg = Release|Any CPU
		{E3EBFBE7-2881-42BB-A384-1EE786FC310D}.Release|x86.Build.0 = Release|Any CPU
		{CB94A538-7279-4740-AFC0-BC869B7E64DB}.Debug|Any CPU.ActiveCfg = Debug|Any CPU
		{CB94A538-7279-4740-AFC0-BC869B7E64DB}.Debug|Any CPU.Build.0 = Debug|Any CPU
		{CB94A538-7279-4740-AFC0-BC869B7E64DB}.Debug|x64.ActiveCfg = Debug|Any CPU
		{CB94A538-7279-4740-AFC0-BC869B7E64DB}.Debug|x64.Build.0 = Debug|Any CPU
		{CB94A538-7279-4740-AFC0-BC869B7E64DB}.Debug|x86.ActiveCfg = Debug|Any CPU
		{CB94A538-7279-4740-AFC0-BC869B7E64DB}.Debug|x86.Build.0 = Debug|Any CPU
		{CB94A538-7279-4740-AFC0-BC869B7E64DB}.Release|Any CPU.ActiveCfg = Release|Any CPU
		{CB94A538-7279-4740-AFC0-BC869B7E64DB}.Release|Any CPU.Build.0 = Release|Any CPU
		{CB94A538-7279-4740-AFC0-BC869B7E64DB}.Release|x64.ActiveCfg = Release|Any CPU
		{CB94A538-7279-4740-AFC0-BC869B7E64DB}.Release|x64.Build.0 = Release|Any CPU
		{CB94A538-7279-4740-AFC0-BC869B7E64DB}.Release|x86.ActiveCfg = Release|Any CPU
		{CB94A538-7279-4740-AFC0-BC869B7E64DB}.Release|x86.Build.0 = Release|Any CPU
	EndGlobalSection
	GlobalSection(NestedProjects) = preSolution
		{95906206-813D-41D6-9379-5DF9AF1E9EC7} = {A6817696-5E97-41B4-A3E5-C57FFD3E6F92}
		{5CCF5AC7-0770-444B-A520-96E2350CD54D} = {95906206-813D-41D6-9379-5DF9AF1E9EC7}
		{0531924F-2204-4872-938A-9A2CA4A8C99F} = {95906206-813D-41D6-9379-5DF9AF1E9EC7}
		{EB3D637E-10A2-424F-8F24-D7BA80DEC4E7} = {459B9551-862B-4CD0-AEB2-5FCFF951C80F}
		{E0CA87F6-FD5A-4EDB-B907-DE6EC3BD4EFE} = {EB3D637E-10A2-424F-8F24-D7BA80DEC4E7}
		{20C4042E-68BD-4B9B-9866-97A2A5E64855} = {EB3D637E-10A2-424F-8F24-D7BA80DEC4E7}
		{C824DC48-C1E9-4956-9338-74E1A3AE576C} = {459B9551-862B-4CD0-AEB2-5FCFF951C80F}
		{9A148A21-CDD6-4897-8956-E1237939962C} = {C824DC48-C1E9-4956-9338-74E1A3AE576C}
		{E3EBFBE7-2881-42BB-A384-1EE786FC310D} = {C824DC48-C1E9-4956-9338-74E1A3AE576C}
	EndGlobalSection
EndGlobal
